
Microsoft Visual Studio Solution File, Format Version 12.00
Project("{FAE04EC0-301F-11D3-BF4B-00C04F79EFBC}") = "BookManagement.RestServer", "BookManagement.RestServer\BookManagement.RestServer.csproj", "{493A614B-6211-4884-A671-D64D14FD0912}"
EndProject
Project("{FAE04EC0-301F-11D3-BF4B-00C04F79EFBC}") = "BookManagement.Data", "BookManagement.Data\BookManagement.Data.csproj", "{31152FC2-76AB-46D0-B261-07E5F3B1F2F0}"
EndProject
Project("{FAE04EC0-301F-11D3-BF4B-00C04F79EFBC}") = "BookManagement.DesktopClient", "BookManagement.DesktopClient\BookManagement.DesktopClient.csproj", "{DEF193F3-DF85-45B9-9BA3-96731F2630CF}"
EndProject
Project("{FAE04EC0-301F-11D3-BF4B-00C04F79EFBC}") = "BookManagement.Shared", "BookManagement.Shared\BookManagement.Shared.csproj", "{E813D7C6-86C9-4B95-907C-235A7C6E42A1}"
EndProject
Global
	GlobalSection(SolutionConfigurationPlatforms) = preSolution
		Debug|Any CPU = Debug|Any CPU
		Release|Any CPU = Release|Any CPU
	EndGlobalSection
	GlobalSection(ProjectConfigurationPlatforms) = postSolution
		{493A614B-6211-4884-A671-D64D14FD0912}.Debug|Any CPU.ActiveCfg = Debug|Any CPU
		{493A614B-6211-4884-A671-D64D14FD0912}.Debug|Any CPU.Build.0 = Debug|Any CPU
		{493A614B-6211-4884-A671-D64D14FD0912}.Release|Any CPU.ActiveCfg = Release|Any CPU
		{493A614B-6211-4884-A671-D64D14FD0912}.Release|Any CPU.Build.0 = Release|Any CPU
		{31152FC2-76AB-46D0-B261-07E5F3B1F2F0}.Debug|Any CPU.ActiveCfg = Debug|Any CPU
		{31152FC2-76AB-46D0-B261-07E5F3B1F2F0}.Debug|Any CPU.Build.0 = Debug|Any CPU
		{31152FC2-76AB-46D0-B261-07E5F3B1F2F0}.Release|Any CPU.ActiveCfg = Release|Any CPU
		{31152FC2-76AB-46D0-B261-07E5F3B1F2F0}.Release|Any CPU.Build.0 = Release|Any CPU
		{DEF193F3-DF85-45B9-9BA3-96731F2630CF}.Debug|Any CPU.ActiveCfg = Debug|Any CPU
		{DEF193F3-DF85-45B9-9BA3-96731F2630CF}.Debug|Any CPU.Build.0 = Debug|Any CPU
		{DEF193F3-DF85-45B9-9BA3-96731F2630CF}.Release|Any CPU.ActiveCfg = Release|Any CPU
		{DEF193F3-DF85-45B9-9BA3-96731F2630CF}.Release|Any CPU.Build.0 = Release|Any CPU
		{E813D7C6-86C9-4B95-907C-235A7C6E42A1}.Debug|Any CPU.ActiveCfg = Debug|Any CPU
		{E813D7C6-86C9-4B95-907C-235A7C6E42A1}.Debug|Any CPU.Build.0 = Debug|Any CPU
		{E813D7C6-86C9-4B95-907C-235A7C6E42A1}.Release|Any CPU.ActiveCfg = Release|Any CPU
		{E813D7C6-86C9-4B95-907C-235A7C6E42A1}.Release|Any CPU.Build.0 = Release|Any CPU
	EndGlobalSection
EndGlobal
